{
   "name": "noctis",
   "version": "7.1.0",
   "lockfileVersion": 1,
   "requires": true,
   "dependencies": {
      "@ckeditor/ckeditor5-build-classic": {
         "version": "11.2.0",
         "resolved": "https://registry.npmjs.org/@ckeditor/ckeditor5-build-classic/-/ckeditor5-build-classic-11.2.0.tgz",
         "integrity": "sha512-wpJf9C8wtnskaFF82BH17AxKITPgXgmlm4ro6QzCd2vYSCSReLkAVL3+OBuSocgxfePAqnrAO6yWjQrYtg8whw=="
      }
   }
}
